
Microsoft Visual Studio Solution File, Format Version 12.00
# Visual Studio Version 16
VisualStudioVersion = 16.0.32901.82
MinimumVisualStudioVersion = 10.0.40219.1
Project("{FAE04EC0-301F-11D3-BF4B-00C04F79EFBC}") = "INTM-CSHARP-PS", "INTM-CSHARP-PS.csproj", "{31709E20-BF11-4EE1-9FA6-6CB723A45202}"
EndProject
Project("{FAE04EC0-301F-11D3-BF4B-00C04F79EFBC}") = "Percolation", "..\Percolation\Percolation.csproj", "{B112DC72-C8AE-4421-AFBC-C80099A1C6E4}"
EndProject
Project("{FAE04EC0-301F-11D3-BF4B-00C04F79EFBC}") = "ProjetINTM1", "..\ProjetINTM1\ProjetINTM1.csproj", "{802605E1-E065-4BB4-A2EA-8B43B58E57B0}"
EndProject
Project("{FAE04EC0-301F-11D3-BF4B-00C04F79EFBC}") = "ProjetINTM2", "..\ProjetINTM2\ProjetINTM2.csproj", "{3CC8A35C-F593-4A4E-AE8E-49C66E647D11}"
EndProject
Project("{FAE04EC0-301F-11D3-BF4B-00C04F79EFBC}") = "ProjetINTM3", "..\ProjetINTM3\ProjetINTM3.csproj", "{F71679BA-2620-4A44-AAEE-D13FFBBB6095}"
EndProject
Global
	GlobalSection(SolutionConfigurationPlatforms) = preSolution
		Debug|Any CPU = Debug|Any CPU
		Release|Any CPU = Release|Any CPU
	EndGlobalSection
	GlobalSection(ProjectConfigurationPlatforms) = postSolution
		{31709E20-BF11-4EE1-9FA6-6CB723A45202}.Debug|Any CPU.ActiveCfg = Debug|Any CPU
		{31709E20-BF11-4EE1-9FA6-6CB723A45202}.Debug|Any CPU.Build.0 = Debug|Any CPU
		{31709E20-BF11-4EE1-9FA6-6CB723A45202}.Release|Any CPU.ActiveCfg = Release|Any CPU
		{31709E20-BF11-4EE1-9FA6-6CB723A45202}.Release|Any CPU.Build.0 = Release|Any CPU
		{B112DC72-C8AE-4421-AFBC-C80099A1C6E4}.Debug|Any CPU.ActiveCfg = Debug|Any CPU
		{B112DC72-C8AE-4421-AFBC-C80099A1C6E4}.Debug|Any CPU.Build.0 = Debug|Any CPU
		{B112DC72-C8AE-4421-AFBC-C80099A1C6E4}.Release|Any CPU.ActiveCfg = Release|Any CPU
		{B112DC72-C8AE-4421-AFBC-C80099A1C6E4}.Release|Any CPU.Build.0 = Release|Any CPU
		{802605E1-E065-4BB4-A2EA-8B43B58E57B0}.Debug|Any CPU.ActiveCfg = Debug|Any CPU
		{802605E1-E065-4BB4-A2EA-8B43B58E57B0}.Debug|Any CPU.Build.0 = Debug|Any CPU
		{802605E1-E065-4BB4-A2EA-8B43B58E57B0}.Release|Any CPU.ActiveCfg = Release|Any CPU
		{802605E1-E065-4BB4-A2EA-8B43B58E57B0}.Release|Any CPU.Build.0 = Release|Any CPU
		{3CC8A35C-F593-4A4E-AE8E-49C66E647D11}.Debug|Any CPU.ActiveCfg = Debug|Any CPU
		{3CC8A35C-F593-4A4E-AE8E-49C66E647D11}.Debug|Any CPU.Build.0 = Debug|Any CPU
		{3CC8A35C-F593-4A4E-AE8E-49C66E647D11}.Release|Any CPU.ActiveCfg = Release|Any CPU
		{3CC8A35C-F593-4A4E-AE8E-49C66E647D11}.Release|Any CPU.Build.0 = Release|Any CPU
		{F71679BA-2620-4A44-AAEE-D13FFBBB6095}.Debug|Any CPU.ActiveCfg = Debug|Any CPU
		{F71679BA-2620-4A44-AAEE-D13FFBBB6095}.Debug|Any CPU.Build.0 = Debug|Any CPU
		{F71679BA-2620-4A44-AAEE-D13FFBBB6095}.Release|Any CPU.ActiveCfg = Release|Any CPU
		{F71679BA-2620-4A44-AAEE-D13FFBBB6095}.Release|Any CPU.Build.0 = Release|Any CPU
	EndGlobalSection
	GlobalSection(SolutionProperties) = preSolution
		HideSolutionNode = FALSE
	EndGlobalSection
	GlobalSection(ExtensibilityGlobals) = postSolution
		SolutionGuid = {08B41315-0BA7-4F43-9957-DA237AD1C172}
	EndGlobalSection
EndGlobal
